
Microsoft Visual Studio Solution File, Format Version 12.00
# Visual Studio 14
VisualStudioVersion = 14.0.25420.1
MinimumVisualStudioVersion = 10.0.40219.1
Project("{FAE04EC0-301F-11D3-BF4B-00C04F79EFBC}") = "GettingStartedLib", "GettingStartedLib\GettingStartedLib.csproj", "{2F1503F6-3615-441C-ABBB-66EFB8011133}"
EndProject
Project("{FAE04EC0-301F-11D3-BF4B-00C04F79EFBC}") = "GettingStartedHost", "GettingStartedHost\GettingStartedHost.csproj", "{8E343AE2-BDEA-4C35-84B9-9DE3D521D2DD}"
EndProject
Project("{FAE04EC0-301F-11D3-BF4B-00C04F79EFBC}") = "GettingStartedClient", "GettingStartedClient\GettingStartedClient.csproj", "{57956C3A-77BE-42DB-99B9-6DD7A385E7B2}"
EndProject
Project("{FAE04EC0-301F-11D3-BF4B-00C04F79EFBC}") = "GettingStartedWebClient", "GettingStartedWebClient\GettingStartedWebClient.csproj", "{C50C1B21-5341-49D8-A918-7ADBA58C66EE}"
EndProject
Project("{FAE04EC0-301F-11D3-BF4B-00C04F79EFBC}") = "GettingStartedLib2", "GettingStartedLib2\GettingStartedLib2.csproj", "{5A323363-9A7D-4946-9D9D-9A6A51BE3446}"
EndProject
Global
	GlobalSection(Performance) = preSolution
		HasPerformanceSessions = true
	EndGlobalSection
	GlobalSection(SolutionConfigurationPlatforms) = preSolution
		Debug|Any CPU = Debug|Any CPU
		Release|Any CPU = Release|Any CPU
	EndGlobalSection
	GlobalSection(ProjectConfigurationPlatforms) = postSolution
		{2F1503F6-3615-441C-ABBB-66EFB8011133}.Debug|Any CPU.ActiveCfg = Debug|Any CPU
		{2F1503F6-3615-441C-ABBB-66EFB8011133}.Debug|Any CPU.Build.0 = Debug|Any CPU
		{2F1503F6-3615-441C-ABBB-66EFB8011133}.Release|Any CPU.ActiveCfg = Release|Any CPU
		{2F1503F6-3615-441C-ABBB-66EFB8011133}.Release|Any CPU.Build.0 = Release|Any CPU
		{8E343AE2-BDEA-4C35-84B9-9DE3D521D2DD}.Debug|Any CPU.ActiveCfg = Debug|Any CPU
		{8E343AE2-BDEA-4C35-84B9-9DE3D521D2DD}.Debug|Any CPU.Build.0 = Debug|Any CPU
		{8E343AE2-BDEA-4C35-84B9-9DE3D521D2DD}.Release|Any CPU.ActiveCfg = Release|Any CPU
		{8E343AE2-BDEA-4C35-84B9-9DE3D521D2DD}.Release|Any CPU.Build.0 = Release|Any CPU
		{57956C3A-77BE-42DB-99B9-6DD7A385E7B2}.Debug|Any CPU.ActiveCfg = Debug|Any CPU
		{57956C3A-77BE-42DB-99B9-6DD7A385E7B2}.Debug|Any CPU.Build.0 = Debug|Any CPU
		{57956C3A-77BE-42DB-99B9-6DD7A385E7B2}.Release|Any CPU.ActiveCfg = Release|Any CPU
		{57956C3A-77BE-42DB-99B9-6DD7A385E7B2}.Release|Any CPU.Build.0 = Release|Any CPU
		{C50C1B21-5341-49D8-A918-7ADBA58C66EE}.Debug|Any CPU.ActiveCfg = Debug|Any CPU
		{C50C1B21-5341-49D8-A918-7ADBA58C66EE}.Debug|Any CPU.Build.0 = Debug|Any CPU
		{C50C1B21-5341-49D8-A918-7ADBA58C66EE}.Release|Any CPU.ActiveCfg = Release|Any CPU
		{C50C1B21-5341-49D8-A918-7ADBA58C66EE}.Release|Any CPU.Build.0 = Release|Any CPU
		{5A323363-9A7D-4946-9D9D-9A6A51BE3446}.Debug|Any CPU.ActiveCfg = Debug|Any CPU
		{5A323363-9A7D-4946-9D9D-9A6A51BE3446}.Debug|Any CPU.Build.0 = Debug|Any CPU
		{5A323363-9A7D-4946-9D9D-9A6A51BE3446}.Release|Any CPU.ActiveCfg = Release|Any CPU
		{5A323363-9A7D-4946-9D9D-9A6A51BE3446}.Release|Any CPU.Build.0 = Release|Any CPU
	EndGlobalSection
	GlobalSection(SolutionProperties) = preSolution
		HideSolutionNode = FALSE
	EndGlobalSection
EndGlobal
